
Microsoft Visual Studio Solution File, Format Version 12.00
# Visual Studio Version 17
VisualStudioVersion = 17.3.32929.385
MinimumVisualStudioVersion = 10.0.40219.1
Project("{FAE04EC0-301F-11D3-BF4B-00C04F79EFBC}") = "StatkiSilnik", "StatkiSilnik\StatkiSilnik.csproj", "{73D0A32E-060F-46A1-B373-500940EF8430}"
EndProject
Project("{9A19103F-16F7-4668-BE54-9A1E7A4F7556}") = "ConsoleGame", "ConsoleGame\ConsoleGame.csproj", "{1EFCA1DE-7183-482E-BD88-2DDF3B3C727B}"
EndProject
Project("{FAE04EC0-301F-11D3-BF4B-00C04F79EFBC}") = "PlacementTester", "PlacementTester\PlacementTester.csproj", "{BA6E248D-16D3-4182-8F6D-7EED843E9883}"
EndProject
Global
	GlobalSection(SolutionConfigurationPlatforms) = preSolution
		Debug|Any CPU = Debug|Any CPU
		Release|Any CPU = Release|Any CPU
	EndGlobalSection
	GlobalSection(ProjectConfigurationPlatforms) = postSolution
		{73D0A32E-060F-46A1-B373-500940EF8430}.Debug|Any CPU.ActiveCfg = Debug|Any CPU
		{73D0A32E-060F-46A1-B373-500940EF8430}.Debug|Any CPU.Build.0 = Debug|Any CPU
		{73D0A32E-060F-46A1-B373-500940EF8430}.Release|Any CPU.ActiveCfg = Release|Any CPU
		{73D0A32E-060F-46A1-B373-500940EF8430}.Release|Any CPU.Build.0 = Release|Any CPU
		{1EFCA1DE-7183-482E-BD88-2DDF3B3C727B}.Debug|Any CPU.ActiveCfg = Debug|Any CPU
		{1EFCA1DE-7183-482E-BD88-2DDF3B3C727B}.Debug|Any CPU.Build.0 = Debug|Any CPU
		{1EFCA1DE-7183-482E-BD88-2DDF3B3C727B}.Release|Any CPU.ActiveCfg = Release|Any CPU
		{1EFCA1DE-7183-482E-BD88-2DDF3B3C727B}.Release|Any CPU.Build.0 = Release|Any CPU
		{BA6E248D-16D3-4182-8F6D-7EED843E9883}.Debug|Any CPU.ActiveCfg = Debug|Any CPU
		{BA6E248D-16D3-4182-8F6D-7EED843E9883}.Debug|Any CPU.Build.0 = Debug|Any CPU
		{BA6E248D-16D3-4182-8F6D-7EED843E9883}.Release|Any CPU.ActiveCfg = Release|Any CPU
		{BA6E248D-16D3-4182-8F6D-7EED843E9883}.Release|Any CPU.Build.0 = Release|Any CPU
	EndGlobalSection
	GlobalSection(SolutionProperties) = preSolution
		HideSolutionNode = FALSE
	EndGlobalSection
	GlobalSection(ExtensibilityGlobals) = postSolution
		SolutionGuid = {E232E004-8FB6-4A60-A02E-607121942532}
	EndGlobalSection
EndGlobal
